{
	"name": "citylab-sommerfest-bingo",
	"version": "0.1.0",
	"lockfileVersion": 2,
	"requires": true,
	"packages": {
		"": {
			"name": "citylab-sommerfest-bingo",
			"version": "0.1.0",
			"license": "MIT",
			"devDependencies": {
				"types-for-adobe": "7.0.12",
				"typescript": "5.1.3"
			}
		},
		"node_modules/types-for-adobe": {
			"version": "7.0.12",
			"resolved": "https://registry.npmjs.org/types-for-adobe/-/types-for-adobe-7.0.12.tgz",
			"integrity": "sha512-J45QGDJYI0OjxzvxaVmDypOJD4aVSP+ElB2m2HTuVJGkYa+0ED0sNTIfmla/46c6gZBUFcDVO2EvZ3hqT5gcnw==",
			"dev": true
		},
		"node_modules/typescript": {
			"version": "5.1.3",
			"resolved": "https://registry.npmjs.org/typescript/-/typescript-5.1.3.tgz",
			"integrity": "sha512-XH627E9vkeqhlZFQuL+UsyAXEnibT0kWR2FWONlr4sTjvxyJYnyefgrkyECLzM5NenmKzRAy2rR/OlYLA1HkZw==",
			"dev": true,
			"bin": {
				"tsc": "bin/tsc",
				"tsserver": "bin/tsserver"
			},
			"engines": {
				"node": ">=14.17"
			}
		}
	},
	"dependencies": {
		"types-for-adobe": {
			"version": "7.0.12",
			"resolved": "https://registry.npmjs.org/types-for-adobe/-/types-for-adobe-7.0.12.tgz",
			"integrity": "sha512-J45QGDJYI0OjxzvxaVmDypOJD4aVSP+ElB2m2HTuVJGkYa+0ED0sNTIfmla/46c6gZBUFcDVO2EvZ3hqT5gcnw==",
			"dev": true
		},
		"typescript": {
			"version": "5.1.3",
			"resolved": "https://registry.npmjs.org/typescript/-/typescript-5.1.3.tgz",
			"integrity": "sha512-XH627E9vkeqhlZFQuL+UsyAXEnibT0kWR2FWONlr4sTjvxyJYnyefgrkyECLzM5NenmKzRAy2rR/OlYLA1HkZw==",
			"dev": true
		}
	}
}
